// !$*UTF8*$!
{
	archiveVersion = 1;
	classes = {
	};
	objectVersion = 50;
	objects = {

/* Begin PBXBuildFile section */
		3361A068253EA3E000D495BC /* SigninRouter.swift in Sources */ = {isa = PBXBuildFile; fileRef = 3361A067253EA3E000D495BC /* SigninRouter.swift */; };
		3361A06A253EA3F500D495BC /* SigninViewController.swift in Sources */ = {isa = PBXBuildFile; fileRef = 3361A069253EA3F500D495BC /* SigninViewController.swift */; };
		3361A06C253EA40A00D495BC /* Signin.storyboard in Resources */ = {isa = PBXBuildFile; fileRef = 3361A06B253EA40A00D495BC /* Signin.storyboard */; };
		3361A06E253EC0FA00D495BC /* NoticeRouter.swift in Sources */ = {isa = PBXBuildFile; fileRef = 3361A06D253EC0FA00D495BC /* NoticeRouter.swift */; };
		3361A070253EC11600D495BC /* NoticeViewController.swift in Sources */ = {isa = PBXBuildFile; fileRef = 3361A06F253EC11600D495BC /* NoticeViewController.swift */; };
		3361A072253EC12F00D495BC /* Notice.storyboard in Resources */ = {isa = PBXBuildFile; fileRef = 3361A071253EC12F00D495BC /* Notice.storyboard */; };
		3361A074253EDC3300D495BC /* CellInterface.swift in Sources */ = {isa = PBXBuildFile; fileRef = 3361A073253EDC3300D495BC /* CellInterface.swift */; };
		3361A077253EDE4E00D495BC /* NoticeCell.swift in Sources */ = {isa = PBXBuildFile; fileRef = 3361A076253EDE4E00D495BC /* NoticeCell.swift */; };
		3361A079253EDE6F00D495BC /* NoticeCell.xib in Resources */ = {isa = PBXBuildFile; fileRef = 3361A078253EDE6F00D495BC /* NoticeCell.xib */; };
		3361A07E253FD8DB00D495BC /* NoticeListAdapter.swift in Sources */ = {isa = PBXBuildFile; fileRef = 3361A07D253FD8DB00D495BC /* NoticeListAdapter.swift */; };
		3361A081253FE5D400D495BC /* Notice.swift in Sources */ = {isa = PBXBuildFile; fileRef = 3361A080253FE5D400D495BC /* Notice.swift */; };
		33D6EE09253D5D1D0029D452 /* AppDelegate.swift in Sources */ = {isa = PBXBuildFile; fileRef = 33D6EE08253D5D1D0029D452 /* AppDelegate.swift */; };
		33D6EE0B253D5D1D0029D452 /* SceneDelegate.swift in Sources */ = {isa = PBXBuildFile; fileRef = 33D6EE0A253D5D1D0029D452 /* SceneDelegate.swift */; };
		33D6EE20253D5D1E0029D452 /* AdvancCleanMVCiOSTests.swift in Sources */ = {isa = PBXBuildFile; fileRef = 33D6EE1F253D5D1E0029D452 /* AdvancCleanMVCiOSTests.swift */; };
		33D6EE2B253D5D1E0029D452 /* AdvancCleanMVCiOSUITests.swift in Sources */ = {isa = PBXBuildFile; fileRef = 33D6EE2A253D5D1E0029D452 /* AdvancCleanMVCiOSUITests.swift */; };
		33D6EE4A253D5E080029D452 /* Assets.xcassets in Resources */ = {isa = PBXBuildFile; fileRef = 33D6EE39253D5E080029D452 /* Assets.xcassets */; };
		33D6EE4C253D5E080029D452 /* StoryboardInitable.swift in Sources */ = {isa = PBXBuildFile; fileRef = 33D6EE3D253D5E080029D452 /* StoryboardInitable.swift */; };
		33D6EE4E253D5E080029D452 /* LaunchRouter.swift in Sources */ = {isa = PBXBuildFile; fileRef = 33D6EE43253D5E080029D452 /* LaunchRouter.swift */; };
		33D6EE53253D5F560029D452 /* Constants.swift in Sources */ = {isa = PBXBuildFile; fileRef = 33D6EE52253D5F560029D452 /* Constants.swift */; };
		33D6EE55253D63D90029D452 /* LaunchScreen.storyboard in Resources */ = {isa = PBXBuildFile; fileRef = 33D6EE41253D5E080029D452 /* LaunchScreen.storyboard */; };
		FA3EBD15253DCBB800A9093F /* LaunchViewController.swift in Sources */ = {isa = PBXBuildFile; fileRef = FA3EBD14253DCBB800A9093F /* LaunchViewController.swift */; };
		FA3EBD1A253DCBC800A9093F /* Launch.storyboard in Resources */ = {isa = PBXBuildFile; fileRef = FA3EBD19253DCBC800A9093F /* Launch.storyboard */; };
		FA3EBD23253DCC2100A9093F /* ServiceLocator.swift in Sources */ = {isa = PBXBuildFile; fileRef = FA3EBD22253DCC2100A9093F /* ServiceLocator.swift */; };
		FA3EBD2B253DCC2E00A9093F /* Presenter.swift in Sources */ = {isa = PBXBuildFile; fileRef = FA3EBD2A253DCC2E00A9093F /* Presenter.swift */; };
/* End PBXBuildFile section */

/* Begin PBXContainerItemProxy section */
		33D6EE1C253D5D1E0029D452 /* PBXContainerItemProxy */ = {
			isa = PBXContainerItemProxy;
			containerPortal = 33D6EDFD253D5D1D0029D452 /* Project object */;
			proxyType = 1;
			remoteGlobalIDString = 33D6EE04253D5D1D0029D452;
			remoteInfo = AdvancCleanMVCiOS;
		};
		33D6EE27253D5D1E0029D452 /* PBXContainerItemProxy */ = {
			isa = PBXContainerItemProxy;
			containerPortal = 33D6EDFD253D5D1D0029D452 /* Project object */;
			proxyType = 1;
			remoteGlobalIDString = 33D6EE04253D5D1D0029D452;
			remoteInfo = AdvancCleanMVCiOS;
		};
/* End PBXContainerItemProxy section */

/* Begin PBXFileReference section */
		3361A067253EA3E000D495BC /* SigninRouter.swift */ = {isa = PBXFileReference; lastKnownFileType = sourcecode.swift; path = SigninRouter.swift; sourceTree = "<group>"; };
		3361A069253EA3F500D495BC /* SigninViewController.swift */ = {isa = PBXFileReference; lastKnownFileType = sourcecode.swift; path = SigninViewController.swift; sourceTree = "<group>"; };
		3361A06B253EA40A00D495BC /* Signin.storyboard */ = {isa = PBXFileReference; lastKnownFileType = file.storyboard; path = Signin.storyboard; sourceTree = "<group>"; };
		3361A06D253EC0FA00D495BC /* NoticeRouter.swift */ = {isa = PBXFileReference; lastKnownFileType = sourcecode.swift; path = NoticeRouter.swift; sourceTree = "<group>"; };
		3361A06F253EC11600D495BC /* NoticeViewController.swift */ = {isa = PBXFileReference; lastKnownFileType = sourcecode.swift; path = NoticeViewController.swift; sourceTree = "<group>"; };
		3361A071253EC12F00D495BC /* Notice.storyboard */ = {isa = PBXFileReference; lastKnownFileType = file.storyboard; path = Notice.storyboard; sourceTree = "<group>"; };
		3361A073253EDC3300D495BC /* CellInterface.swift */ = {isa = PBXFileReference; fileEncoding = 4; lastKnownFileType = sourcecode.swift; path = CellInterface.swift; sourceTree = "<group>"; };
		3361A076253EDE4E00D495BC /* NoticeCell.swift */ = {isa = PBXFileReference; lastKnownFileType = sourcecode.swift; path = NoticeCell.swift; sourceTree = "<group>"; };
		3361A078253EDE6F00D495BC /* NoticeCell.xib */ = {isa = PBXFileReference; lastKnownFileType = file.xib; path = NoticeCell.xib; sourceTree = "<group>"; };
		3361A07D253FD8DB00D495BC /* NoticeListAdapter.swift */ = {isa = PBXFileReference; lastKnownFileType = sourcecode.swift; path = NoticeListAdapter.swift; sourceTree = "<group>"; };
		3361A080253FE5D400D495BC /* Notice.swift */ = {isa = PBXFileReference; lastKnownFileType = sourcecode.swift; path = Notice.swift; sourceTree = "<group>"; };
		33D6EE05253D5D1D0029D452 /* AdvancCleanMVCiOS.app */ = {isa = PBXFileReference; explicitFileType = wrapper.application; includeInIndex = 0; path = AdvancCleanMVCiOS.app; sourceTree = BUILT_PRODUCTS_DIR; };
		33D6EE08253D5D1D0029D452 /* AppDelegate.swift */ = {isa = PBXFileReference; lastKnownFileType = sourcecode.swift; path = AppDelegate.swift; sourceTree = "<group>"; };
		33D6EE0A253D5D1D0029D452 /* SceneDelegate.swift */ = {isa = PBXFileReference; lastKnownFileType = sourcecode.swift; path = SceneDelegate.swift; sourceTree = "<group>"; };
		33D6EE1B253D5D1E0029D452 /* AdvancCleanMVCiOSTests.xctest */ = {isa = PBXFileReference; explicitFileType = wrapper.cfbundle; includeInIndex = 0; path = AdvancCleanMVCiOSTests.xctest; sourceTree = BUILT_PRODUCTS_DIR; };
		33D6EE1F253D5D1E0029D452 /* AdvancCleanMVCiOSTests.swift */ = {isa = PBXFileReference; lastKnownFileType = sourcecode.swift; path = AdvancCleanMVCiOSTests.swift; sourceTree = "<group>"; };
		33D6EE21253D5D1E0029D452 /* Info.plist */ = {isa = PBXFileReference; lastKnownFileType = text.plist.xml; path = Info.plist; sourceTree = "<group>"; };
		33D6EE26253D5D1E0029D452 /* AdvancCleanMVCiOSUITests.xctest */ = {isa = PBXFileReference; explicitFileType = wrapper.cfbundle; includeInIndex = 0; path = AdvancCleanMVCiOSUITests.xctest; sourceTree = BUILT_PRODUCTS_DIR; };
		33D6EE2A253D5D1E0029D452 /* AdvancCleanMVCiOSUITests.swift */ = {isa = PBXFileReference; lastKnownFileType = sourcecode.swift; path = AdvancCleanMVCiOSUITests.swift; sourceTree = "<group>"; };
		33D6EE2C253D5D1E0029D452 /* Info.plist */ = {isa = PBXFileReference; lastKnownFileType = text.plist.xml; path = Info.plist; sourceTree = "<group>"; };
		33D6EE39253D5E080029D452 /* Assets.xcassets */ = {isa = PBXFileReference; lastKnownFileType = folder.assetcatalog; path = Assets.xcassets; sourceTree = "<group>"; };
		33D6EE3A253D5E080029D452 /* Info.plist */ = {isa = PBXFileReference; fileEncoding = 4; lastKnownFileType = text.plist.xml; path = Info.plist; sourceTree = "<group>"; };
		33D6EE3D253D5E080029D452 /* StoryboardInitable.swift */ = {isa = PBXFileReference; fileEncoding = 4; lastKnownFileType = sourcecode.swift; path = StoryboardInitable.swift; sourceTree = "<group>"; };
		33D6EE42253D5E080029D452 /* Base */ = {isa = PBXFileReference; lastKnownFileType = file.storyboard; name = Base; path = Base.lproj/LaunchScreen.storyboard; sourceTree = "<group>"; };
		33D6EE43253D5E080029D452 /* LaunchRouter.swift */ = {isa = PBXFileReference; fileEncoding = 4; lastKnownFileType = sourcecode.swift; path = LaunchRouter.swift; sourceTree = "<group>"; };
		33D6EE52253D5F560029D452 /* Constants.swift */ = {isa = PBXFileReference; fileEncoding = 4; lastKnownFileType = sourcecode.swift; path = Constants.swift; sourceTree = "<group>"; };
		FA3EBD14253DCBB800A9093F /* LaunchViewController.swift */ = {isa = PBXFileReference; lastKnownFileType = sourcecode.swift; path = LaunchViewController.swift; sourceTree = "<group>"; };
		FA3EBD19253DCBC800A9093F /* Launch.storyboard */ = {isa = PBXFileReference; lastKnownFileType = file.storyboard; path = Launch.storyboard; sourceTree = "<group>"; };
		FA3EBD22253DCC2100A9093F /* ServiceLocator.swift */ = {isa = PBXFileReference; lastKnownFileType = sourcecode.swift; path = ServiceLocator.swift; sourceTree = "<group>"; };
		FA3EBD2A253DCC2E00A9093F /* Presenter.swift */ = {isa = PBXFileReference; lastKnownFileType = sourcecode.swift; path = Presenter.swift; sourceTree = "<group>"; };
/* End PBXFileReference section */

/* Begin PBXFrameworksBuildPhase section */
		33D6EE02253D5D1D0029D452 /* Frameworks */ = {
			isa = PBXFrameworksBuildPhase;
			buildActionMask = 2147483647;
			files = (
			);
			runOnlyForDeploymentPostprocessing = 0;
		};
		33D6EE18253D5D1E0029D452 /* Frameworks */ = {
			isa = PBXFrameworksBuildPhase;
			buildActionMask = 2147483647;
			files = (
			);
			runOnlyForDeploymentPostprocessing = 0;
		};
		33D6EE23253D5D1E0029D452 /* Frameworks */ = {
			isa = PBXFrameworksBuildPhase;
			buildActionMask = 2147483647;
			files = (
			);
			runOnlyForDeploymentPostprocessing = 0;
		};
/* End PBXFrameworksBuildPhase section */

/* Begin PBXGroup section */
		3361A07C253FD89F00D495BC /* ViewModels */ = {
			isa = PBXGroup;
			children = (
				3361A07D253FD8DB00D495BC /* NoticeListAdapter.swift */,
			);
			path = ViewModels;
			sourceTree = "<group>";
		};
		3361A07F253FE5BD00D495BC /* DTO */ = {
			isa = PBXGroup;
			children = (
				3361A080253FE5D400D495BC /* Notice.swift */,
			);
			path = DTO;
			sourceTree = "<group>";
		};
		33D6EDFC253D5D1D0029D452 = {
			isa = PBXGroup;
			children = (
				33D6EE07253D5D1D0029D452 /* AdvancCleanMVCiOS */,
				33D6EE1E253D5D1E0029D452 /* AdvancCleanMVCiOSTests */,
				33D6EE29253D5D1E0029D452 /* AdvancCleanMVCiOSUITests */,
				33D6EE06253D5D1D0029D452 /* Products */,
			);
			sourceTree = "<group>";
		};
		33D6EE06253D5D1D0029D452 /* Products */ = {
			isa = PBXGroup;
			children = (
				33D6EE05253D5D1D0029D452 /* AdvancCleanMVCiOS.app */,
				33D6EE1B253D5D1E0029D452 /* AdvancCleanMVCiOSTests.xctest */,
				33D6EE26253D5D1E0029D452 /* AdvancCleanMVCiOSUITests.xctest */,
			);
			name = Products;
			sourceTree = "<group>";
		};
		33D6EE07253D5D1D0029D452 /* AdvancCleanMVCiOS */ = {
			isa = PBXGroup;
			children = (
				33D6EE3E253D5E080029D452 /* Classes */,
				33D6EE3B253D5E080029D452 /* Misc */,
				33D6EE38253D5E080029D452 /* Resources */,
				33D6EE41253D5E080029D452 /* LaunchScreen.storyboard */,
				33D6EE08253D5D1D0029D452 /* AppDelegate.swift */,
				33D6EE0A253D5D1D0029D452 /* SceneDelegate.swift */,
			);
			path = AdvancCleanMVCiOS;
			sourceTree = "<group>";
		};
		33D6EE1E253D5D1E0029D452 /* AdvancCleanMVCiOSTests */ = {
			isa = PBXGroup;
			children = (
				33D6EE1F253D5D1E0029D452 /* AdvancCleanMVCiOSTests.swift */,
				33D6EE21253D5D1E0029D452 /* Info.plist */,
			);
			path = AdvancCleanMVCiOSTests;
			sourceTree = "<group>";
		};
		33D6EE29253D5D1E0029D452 /* AdvancCleanMVCiOSUITests */ = {
			isa = PBXGroup;
			children = (
				33D6EE2A253D5D1E0029D452 /* AdvancCleanMVCiOSUITests.swift */,
				33D6EE2C253D5D1E0029D452 /* Info.plist */,
			);
			path = AdvancCleanMVCiOSUITests;
			sourceTree = "<group>";
		};
		33D6EE38253D5E080029D452 /* Resources */ = {
			isa = PBXGroup;
			children = (
				33D6EE39253D5E080029D452 /* Assets.xcassets */,
				33D6EE52253D5F560029D452 /* Constants.swift */,
				33D6EE3A253D5E080029D452 /* Info.plist */,
			);
			path = Resources;
			sourceTree = "<group>";
		};
		33D6EE3B253D5E080029D452 /* Misc */ = {
			isa = PBXGroup;
			children = (
				33D6EE3C253D5E080029D452 /* Protocol */,
			);
			path = Misc;
			sourceTree = "<group>";
		};
		33D6EE3C253D5E080029D452 /* Protocol */ = {
			isa = PBXGroup;
			children = (
				33D6EE3D253D5E080029D452 /* StoryboardInitable.swift */,
				3361A073253EDC3300D495BC /* CellInterface.swift */,
			);
			path = Protocol;
			sourceTree = "<group>";
		};
		33D6EE3E253D5E080029D452 /* Classes */ = {
			isa = PBXGroup;
			children = (
				3361A07F253FE5BD00D495BC /* DTO */,
				3361A07C253FD89F00D495BC /* ViewModels */,
				FA3EBD21253DCC0E00A9093F /* Services */,
				33D6EE3F253D5E080029D452 /* Flow */,
			);
			path = Classes;
			sourceTree = "<group>";
		};
		33D6EE3F253D5E080029D452 /* Flow */ = {
			isa = PBXGroup;
			children = (
				FA0DA0E825412DA1007890D1 /* Misc */,
				FA3EBD31253DCD5500A9093F /* NoticeDetail */,
				FA3EBD30253DCD4700A9093F /* NoticeList */,
				FA3EBD2F253DCD3700A9093F /* SignIn */,
				33D6EE40253D5E080029D452 /* Launch */,
			);
			path = Flow;
			sourceTree = "<group>";
		};
		33D6EE40253D5E080029D452 /* Launch */ = {
			isa = PBXGroup;
			children = (
				33D6EE43253D5E080029D452 /* LaunchRouter.swift */,
				FA3EBD14253DCBB800A9093F /* LaunchViewController.swift */,
				FA3EBD19253DCBC800A9093F /* Launch.storyboard */,
			);
			path = Launch;
			sourceTree = "<group>";
		};
		FA0DA0E825412DA1007890D1 /* Misc */ = {
			isa = PBXGroup;
			children = (
				3361A076253EDE4E00D495BC /* NoticeCell.swift */,
				3361A078253EDE6F00D495BC /* NoticeCell.xib */,
			);
			path = Misc;
			sourceTree = "<group>";
		};
		FA3EBD21253DCC0E00A9093F /* Services */ = {
			isa = PBXGroup;
			children = (
				FA3EBD22253DCC2100A9093F /* ServiceLocator.swift */,
				FA3EBD2A253DCC2E00A9093F /* Presenter.swift */,
			);
			path = Services;
			sourceTree = "<group>";
		};
		FA3EBD2F253DCD3700A9093F /* SignIn */ = {
			isa = PBXGroup;
			children = (
				3361A067253EA3E000D495BC /* SigninRouter.swift */,
				3361A069253EA3F500D495BC /* SigninViewController.swift */,
				3361A06B253EA40A00D495BC /* Signin.storyboard */,
			);
			path = SignIn;
			sourceTree = "<group>";
		};
		FA3EBD30253DCD4700A9093F /* NoticeList */ = {
			isa = PBXGroup;
			children = (
				3361A06D253EC0FA00D495BC /* NoticeRouter.swift */,
				3361A06F253EC11600D495BC /* NoticeViewController.swift */,
				3361A071253EC12F00D495BC /* Notice.storyboard */,
			);
			path = NoticeList;
			sourceTree = "<group>";
		};
		FA3EBD31253DCD5500A9093F /* NoticeDetail */ = {
			isa = PBXGroup;
			children = (
			);
			path = NoticeDetail;
			sourceTree = "<group>";
		};
/* End PBXGroup section */

/* Begin PBXNativeTarget section */
		33D6EE04253D5D1D0029D452 /* AdvancCleanMVCiOS */ = {
			isa = PBXNativeTarget;
			buildConfigurationList = 33D6EE2F253D5D1E0029D452 /* Build configuration list for PBXNativeTarget "AdvancCleanMVCiOS" */;
			buildPhases = (
				33D6EE01253D5D1D0029D452 /* Sources */,
				33D6EE02253D5D1D0029D452 /* Frameworks */,
				33D6EE03253D5D1D0029D452 /* Resources */,
			);
			buildRules = (
			);
			dependencies = (
			);
			name = AdvancCleanMVCiOS;
			productName = AdvancCleanMVCiOS;
			productReference = 33D6EE05253D5D1D0029D452 /* AdvancCleanMVCiOS.app */;
			productType = "com.apple.product-type.application";
		};
		33D6EE1A253D5D1E0029D452 /* AdvancCleanMVCiOSTests */ = {
			isa = PBXNativeTarget;
			buildConfigurationList = 33D6EE32253D5D1E0029D452 /* Build configuration list for PBXNativeTarget "AdvancCleanMVCiOSTests" */;
			buildPhases = (
				33D6EE17253D5D1E0029D452 /* Sources */,
				33D6EE18253D5D1E0029D452 /* Frameworks */,
				33D6EE19253D5D1E0029D452 /* Resources */,
			);
			buildRules = (
			);
			dependencies = (
				33D6EE1D253D5D1E0029D452 /* PBXTargetDependency */,
			);
			name = AdvancCleanMVCiOSTests;
			productName = AdvancCleanMVCiOSTests;
			productReference = 33D6EE1B253D5D1E0029D452 /* AdvancCleanMVCiOSTests.xctest */;
			productType = "com.apple.product-type.bundle.unit-test";
		};
		33D6EE25253D5D1E0029D452 /* AdvancCleanMVCiOSUITests */ = {
			isa = PBXNativeTarget;
			buildConfigurationList = 33D6EE35253D5D1E0029D452 /* Build configuration list for PBXNativeTarget "AdvancCleanMVCiOSUITests" */;
			buildPhases = (
				33D6EE22253D5D1E0029D452 /* Sources */,
				33D6EE23253D5D1E0029D452 /* Frameworks */,
				33D6EE24253D5D1E0029D452 /* Resources */,
			);
			buildRules = (
			);
			dependencies = (
				33D6EE28253D5D1E0029D452 /* PBXTargetDependency */,
			);
			name = AdvancCleanMVCiOSUITests;
			productName = AdvancCleanMVCiOSUITests;
			productReference = 33D6EE26253D5D1E0029D452 /* AdvancCleanMVCiOSUITests.xctest */;
			productType = "com.apple.product-type.bundle.ui-testing";
		};
/* End PBXNativeTarget section */

/* Begin PBXProject section */
		33D6EDFD253D5D1D0029D452 /* Project object */ = {
			isa = PBXProject;
			attributes = {
				LastSwiftUpdateCheck = 1160;
				LastUpgradeCheck = 1160;
				ORGANIZATIONNAME = "Anamika Deb";
				TargetAttributes = {
					33D6EE04253D5D1D0029D452 = {
						CreatedOnToolsVersion = 11.6;
					};
					33D6EE1A253D5D1E0029D452 = {
						CreatedOnToolsVersion = 11.6;
						TestTargetID = 33D6EE04253D5D1D0029D452;
					};
					33D6EE25253D5D1E0029D452 = {
						CreatedOnToolsVersion = 11.6;
						TestTargetID = 33D6EE04253D5D1D0029D452;
					};
				};
			};
			buildConfigurationList = 33D6EE00253D5D1D0029D452 /* Build configuration list for PBXProject "AdvancCleanMVCiOS" */;
			compatibilityVersion = "Xcode 9.3";
			developmentRegion = en;
			hasScannedForEncodings = 0;
			knownRegions = (
				en,
				Base,
			);
			mainGroup = 33D6EDFC253D5D1D0029D452;
			productRefGroup = 33D6EE06253D5D1D0029D452 /* Products */;
			projectDirPath = "";
			projectRoot = "";
			targets = (
				33D6EE04253D5D1D0029D452 /* AdvancCleanMVCiOS */,
				33D6EE1A253D5D1E0029D452 /* AdvancCleanMVCiOSTests */,
				33D6EE25253D5D1E0029D452 /* AdvancCleanMVCiOSUITests */,
			);
		};
/* End PBXProject section */

/* Begin PBXResourcesBuildPhase section */
		33D6EE03253D5D1D0029D452 /* Resources */ = {
			isa = PBXResourcesBuildPhase;
			buildActionMask = 2147483647;
			files = (
				3361A06C253EA40A00D495BC /* Signin.storyboard in Resources */,
				33D6EE55253D63D90029D452 /* LaunchScreen.storyboard in Resources */,
				3361A072253EC12F00D495BC /* Notice.storyboard in Resources */,
				3361A079253EDE6F00D495BC /* NoticeCell.xib in Resources */,
				33D6EE4A253D5E080029D452 /* Assets.xcassets in Resources */,
				FA3EBD1A253DCBC800A9093F /* Launch.storyboard in Resources */,
			);
			runOnlyForDeploymentPostprocessing = 0;
		};
		33D6EE19253D5D1E0029D452 /* Resources */ = {
			isa = PBXResourcesBuildPhase;
			buildActionMask = 2147483647;
			files = (
			);
			runOnlyForDeploymentPostprocessing = 0;
		};
		33D6EE24253D5D1E0029D452 /* Resources */ = {
			isa = PBXResourcesBuildPhase;
			buildActionMask = 2147483647;
			files = (
			);
			runOnlyForDeploymentPostprocessing = 0;
		};
/* End PBXResourcesBuildPhase section */

/* Begin PBXSourcesBuildPhase section */
		33D6EE01253D5D1D0029D452 /* Sources */ = {
			isa = PBXSourcesBuildPhase;
			buildActionMask = 2147483647;
			files = (
				3361A068253EA3E000D495BC /* SigninRouter.swift in Sources */,
				33D6EE09253D5D1D0029D452 /* AppDelegate.swift in Sources */,
				3361A07E253FD8DB00D495BC /* NoticeListAdapter.swift in Sources */,
				33D6EE4E253D5E080029D452 /* LaunchRouter.swift in Sources */,
				FA3EBD2B253DCC2E00A9093F /* Presenter.swift in Sources */,
				33D6EE4C253D5E080029D452 /* StoryboardInitable.swift in Sources */,
				3361A074253EDC3300D495BC /* CellInterface.swift in Sources */,
				33D6EE0B253D5D1D0029D452 /* SceneDelegate.swift in Sources */,
				3361A06A253EA3F500D495BC /* SigninViewController.swift in Sources */,
				3361A081253FE5D400D495BC /* Notice.swift in Sources */,
				FA3EBD15253DCBB800A9093F /* LaunchViewController.swift in Sources */,
				33D6EE53253D5F560029D452 /* Constants.swift in Sources */,
				3361A06E253EC0FA00D495BC /* NoticeRouter.swift in Sources */,
				3361A070253EC11600D495BC /* NoticeViewController.swift in Sources */,
				FA3EBD23253DCC2100A9093F /* ServiceLocator.swift in Sources */,
				3361A077253EDE4E00D495BC /* NoticeCell.swift in Sources */,
			);
			runOnlyForDeploymentPostprocessing = 0;
		};
		33D6EE17253D5D1E0029D452 /* Sources */ = {
			isa = PBXSourcesBuildPhase;
			buildActionMask = 2147483647;
			files = (
				33D6EE20253D5D1E0029D452 /* AdvancCleanMVCiOSTests.swift in Sources */,
			);
			runOnlyForDeploymentPostprocessing = 0;
		};
		33D6EE22253D5D1E0029D452 /* Sources */ = {
			isa = PBXSourcesBuildPhase;
			buildActionMask = 2147483647;
			files = (
				33D6EE2B253D5D1E0029D452 /* AdvancCleanMVCiOSUITests.swift in Sources */,
			);
			runOnlyForDeploymentPostprocessing = 0;
		};
/* End PBXSourcesBuildPhase section */

/* Begin PBXTargetDependency section */
		33D6EE1D253D5D1E0029D452 /* PBXTargetDependency */ = {
			isa = PBXTargetDependency;
			target = 33D6EE04253D5D1D0029D452 /* AdvancCleanMVCiOS */;
			targetProxy = 33D6EE1C253D5D1E0029D452 /* PBXContainerItemProxy */;
		};
		33D6EE28253D5D1E0029D452 /* PBXTargetDependency */ = {
			isa = PBXTargetDependency;
			target = 33D6EE04253D5D1D0029D452 /* AdvancCleanMVCiOS */;
			targetProxy = 33D6EE27253D5D1E0029D452 /* PBXContainerItemProxy */;
		};
/* End PBXTargetDependency section */

/* Begin PBXVariantGroup section */
		33D6EE41253D5E080029D452 /* LaunchScreen.storyboard */ = {
			isa = PBXVariantGroup;
			children = (
				33D6EE42253D5E080029D452 /* Base */,
			);
			name = LaunchScreen.storyboard;
			sourceTree = "<group>";
		};
/* End PBXVariantGroup section */

/* Begin XCBuildConfiguration section */
		33D6EE2D253D5D1E0029D452 /* Debug */ = {
			isa = XCBuildConfiguration;
			buildSettings = {
				ALWAYS_SEARCH_USER_PATHS = NO;
				CLANG_ANALYZER_NONNULL = YES;
				CLANG_ANALYZER_NUMBER_OBJECT_CONVERSION = YES_AGGRESSIVE;
				CLANG_CXX_LANGUAGE_STANDARD = "gnu++14";
				CLANG_CXX_LIBRARY = "libc++";
				CLANG_ENABLE_MODULES = YES;
				CLANG_ENABLE_OBJC_ARC = YES;
				CLANG_ENABLE_OBJC_WEAK = YES;
				CLANG_WARN_BLOCK_CAPTURE_AUTORELEASING = YES;
				CLANG_WARN_BOOL_CONVERSION = YES;
				CLANG_WARN_COMMA = YES;
				CLANG_WARN_CONSTANT_CONVERSION = YES;
				CLANG_WARN_DEPRECATED_OBJC_IMPLEMENTATIONS = YES;
				CLANG_WARN_DIRECT_OBJC_ISA_USAGE = YES_ERROR;
				CLANG_WARN_DOCUMENTATION_COMMENTS = YES;
				CLANG_WARN_EMPTY_BODY = YES;
				CLANG_WARN_ENUM_CONVERSION = YES;
				CLANG_WARN_INFINITE_RECURSION = YES;
				CLANG_WARN_INT_CONVERSION = YES;
				CLANG_WARN_NON_LITERAL_NULL_CONVERSION = YES;
				CLANG_WARN_OBJC_IMPLICIT_RETAIN_SELF = YES;
				CLANG_WARN_OBJC_LITERAL_CONVERSION = YES;
				CLANG_WARN_OBJC_ROOT_CLASS = YES_ERROR;
				CLANG_WARN_RANGE_LOOP_ANALYSIS = YES;
				CLANG_WARN_STRICT_PROTOTYPES = YES;
				CLANG_WARN_SUSPICIOUS_MOVE = YES;
				CLANG_WARN_UNGUARDED_AVAILABILITY = YES_AGGRESSIVE;
				CLANG_WARN_UNREACHABLE_CODE = YES;
				CLANG_WARN__DUPLICATE_METHOD_MATCH = YES;
				COPY_PHASE_STRIP = NO;
				DEBUG_INFORMATION_FORMAT = dwarf;
				ENABLE_STRICT_OBJC_MSGSEND = YES;
				ENABLE_TESTABILITY = YES;
				GCC_C_LANGUAGE_STANDARD = gnu11;
				GCC_DYNAMIC_NO_PIC = NO;
				GCC_NO_COMMON_BLOCKS = YES;
				GCC_OPTIMIZATION_LEVEL = 0;
				GCC_PREPROCESSOR_DEFINITIONS = (
					"DEBUG=1",
					"$(inherited)",
				);
				GCC_WARN_64_TO_32_BIT_CONVERSION = YES;
				GCC_WARN_ABOUT_RETURN_TYPE = YES_ERROR;
				GCC_WARN_UNDECLARED_SELECTOR = YES;
				GCC_WARN_UNINITIALIZED_AUTOS = YES_AGGRESSIVE;
				GCC_WARN_UNUSED_FUNCTION = YES;
				GCC_WARN_UNUSED_VARIABLE = YES;
				IPHONEOS_DEPLOYMENT_TARGET = 13.6;
				MTL_ENABLE_DEBUG_INFO = INCLUDE_SOURCE;
				MTL_FAST_MATH = YES;
				ONLY_ACTIVE_ARCH = YES;
				SDKROOT = iphoneos;
				SWIFT_ACTIVE_COMPILATION_CONDITIONS = DEBUG;
				SWIFT_OPTIMIZATION_LEVEL = "-Onone";
			};
			name = Debug;
		};
		33D6EE2E253D5D1E0029D452 /* Release */ = {
			isa = XCBuildConfiguration;
			buildSettings = {
				ALWAYS_SEARCH_USER_PATHS = NO;
				CLANG_ANALYZER_NONNULL = YES;
				CLANG_ANALYZER_NUMBER_OBJECT_CONVERSION = YES_AGGRESSIVE;
				CLANG_CXX_LANGUAGE_STANDARD = "gnu++14";
				CLANG_CXX_LIBRARY = "libc++";
				CLANG_ENABLE_MODULES = YES;
				CLANG_ENABLE_OBJC_ARC = YES;
				CLANG_ENABLE_OBJC_WEAK = YES;
				CLANG_WARN_BLOCK_CAPTURE_AUTORELEASING = YES;
				CLANG_WARN_BOOL_CONVERSION = YES;
				CLANG_WARN_COMMA = YES;
				CLANG_WARN_CONSTANT_CONVERSION = YES;
				CLANG_WARN_DEPRECATED_OBJC_IMPLEMENTATIONS = YES;
				CLANG_WARN_DIRECT_OBJC_ISA_USAGE = YES_ERROR;
				CLANG_WARN_DOCUMENTATION_COMMENTS = YES;
				CLANG_WARN_EMPTY_BODY = YES;
				CLANG_WARN_ENUM_CONVERSION = YES;
				CLANG_WARN_INFINITE_RECURSION = YES;
				CLANG_WARN_INT_CONVERSION = YES;
				CLANG_WARN_NON_LITERAL_NULL_CONVERSION = YES;
				CLANG_WARN_OBJC_IMPLICIT_RETAIN_SELF = YES;
				CLANG_WARN_OBJC_LITERAL_CONVERSION = YES;
				CLANG_WARN_OBJC_ROOT_CLASS = YES_ERROR;
				CLANG_WARN_RANGE_LOOP_ANALYSIS = YES;
				CLANG_WARN_STRICT_PROTOTYPES = YES;
				CLANG_WARN_SUSPICIOUS_MOVE = YES;
				CLANG_WARN_UNGUARDED_AVAILABILITY = YES_AGGRESSIVE;
				CLANG_WARN_UNREACHABLE_CODE = YES;
				CLANG_WARN__DUPLICATE_METHOD_MATCH = YES;
				COPY_PHASE_STRIP = NO;
				DEBUG_INFORMATION_FORMAT = "dwarf-with-dsym";
				ENABLE_NS_ASSERTIONS = NO;
				ENABLE_STRICT_OBJC_MSGSEND = YES;
				GCC_C_LANGUAGE_STANDARD = gnu11;
				GCC_NO_COMMON_BLOCKS = YES;
				GCC_WARN_64_TO_32_BIT_CONVERSION = YES;
				GCC_WARN_ABOUT_RETURN_TYPE = YES_ERROR;
				GCC_WARN_UNDECLARED_SELECTOR = YES;
				GCC_WARN_UNINITIALIZED_AUTOS = YES_AGGRESSIVE;
				GCC_WARN_UNUSED_FUNCTION = YES;
				GCC_WARN_UNUSED_VARIABLE = YES;
				IPHONEOS_DEPLOYMENT_TARGET = 13.6;
				MTL_ENABLE_DEBUG_INFO = NO;
				MTL_FAST_MATH = YES;
				SDKROOT = iphoneos;
				SWIFT_COMPILATION_MODE = wholemodule;
				SWIFT_OPTIMIZATION_LEVEL = "-O";
				VALIDATE_PRODUCT = YES;
			};
			name = Release;
		};
		33D6EE30253D5D1E0029D452 /* Debug */ = {
			isa = XCBuildConfiguration;
			buildSettings = {
				ASSETCATALOG_COMPILER_APPICON_NAME = AppIcon;
				CODE_SIGN_STYLE = Automatic;
				DEVELOPMENT_TEAM = 7A9JA8PNZH;
				INFOPLIST_FILE = AdvancCleanMVCiOS/Resources/Info.plist;
				LD_RUNPATH_SEARCH_PATHS = (
					"$(inherited)",
					"@executable_path/Frameworks",
				);
				PRODUCT_BUNDLE_IDENTIFIER = com.Tech.AdvancCleanMVCiOS;
				PRODUCT_NAME = "$(TARGET_NAME)";
				SWIFT_VERSION = 5.0;
				TARGETED_DEVICE_FAMILY = "1,2";
			};
			name = Debug;
		};
		33D6EE31253D5D1E0029D452 /* Release */ = {
			isa = XCBuildConfiguration;
			buildSettings = {
				ASSETCATALOG_COMPILER_APPICON_NAME = AppIcon;
				CODE_SIGN_STYLE = Automatic;
				DEVELOPMENT_TEAM = 7A9JA8PNZH;
				INFOPLIST_FILE = AdvancCleanMVCiOS/Resources/Info.plist;
				LD_RUNPATH_SEARCH_PATHS = (
					"$(inherited)",
					"@executable_path/Frameworks",
				);
				PRODUCT_BUNDLE_IDENTIFIER = com.Tech.AdvancCleanMVCiOS;
				PRODUCT_NAME = "$(TARGET_NAME)";
				SWIFT_VERSION = 5.0;
				TARGETED_DEVICE_FAMILY = "1,2";
			};
			name = Release;
		};
		33D6EE33253D5D1E0029D452 /* Debug */ = {
			isa = XCBuildConfiguration;
			buildSettings = {
				ALWAYS_EMBED_SWIFT_STANDARD_LIBRARIES = YES;
				BUNDLE_LOADER = "$(TEST_HOST)";
				CODE_SIGN_STYLE = Automatic;
				INFOPLIST_FILE = AdvancCleanMVCiOSTests/Info.plist;
				IPHONEOS_DEPLOYMENT_TARGET = 13.6;
				LD_RUNPATH_SEARCH_PATHS = (
					"$(inherited)",
					"@executable_path/Frameworks",
					"@loader_path/Frameworks",
				);
				PRODUCT_BUNDLE_IDENTIFIER = com.Tech.AdvancCleanMVCiOSTests;
				PRODUCT_NAME = "$(TARGET_NAME)";
				SWIFT_VERSION = 5.0;
				TARGETED_DEVICE_FAMILY = "1,2";
				TEST_HOST = "$(BUILT_PRODUCTS_DIR)/AdvancCleanMVCiOS.app/AdvancCleanMVCiOS";
			};
			name = Debug;
		};
		33D6EE34253D5D1E0029D452 /* Release */ = {
			isa = XCBuildConfiguration;
			buildSettings = {
				ALWAYS_EMBED_SWIFT_STANDARD_LIBRARIES = YES;
				BUNDLE_LOADER = "$(TEST_HOST)";
				CODE_SIGN_STYLE = Automatic;
				INFOPLIST_FILE = AdvancCleanMVCiOSTests/Info.plist;
				IPHONEOS_DEPLOYMENT_TARGET = 13.6;
				LD_RUNPATH_SEARCH_PATHS = (
					"$(inherited)",
					"@executable_path/Frameworks",
					"@loader_path/Frameworks",
				);
				PRODUCT_BUNDLE_IDENTIFIER = com.Tech.AdvancCleanMVCiOSTests;
				PRODUCT_NAME = "$(TARGET_NAME)";
				SWIFT_VERSION = 5.0;
				TARGETED_DEVICE_FAMILY = "1,2";
				TEST_HOST = "$(BUILT_PRODUCTS_DIR)/AdvancCleanMVCiOS.app/AdvancCleanMVCiOS";
			};
			name = Release;
		};
		33D6EE36253D5D1E0029D452 /* Debug */ = {
			isa = XCBuildConfiguration;
			buildSettings = {
				ALWAYS_EMBED_SWIFT_STANDARD_LIBRARIES = YES;
				CODE_SIGN_STYLE = Automatic;
				INFOPLIST_FILE = AdvancCleanMVCiOSUITests/Info.plist;
				LD_RUNPATH_SEARCH_PATHS = (
					"$(inherited)",
					"@executable_path/Frameworks",
					"@loader_path/Frameworks",
				);
				PRODUCT_BUNDLE_IDENTIFIER = com.Tech.AdvancCleanMVCiOSUITests;
				PRODUCT_NAME = "$(TARGET_NAME)";
				SWIFT_VERSION = 5.0;
				TARGETED_DEVICE_FAMILY = "1,2";
				TEST_TARGET_NAME = AdvancCleanMVCiOS;
			};
			name = Debug;
		};
		33D6EE37253D5D1E0029D452 /* Release */ = {
			isa = XCBuildConfiguration;
			buildSettings = {
				ALWAYS_EMBED_SWIFT_STANDARD_LIBRARIES = YES;
				CODE_SIGN_STYLE = Automatic;
				INFOPLIST_FILE = AdvancCleanMVCiOSUITests/Info.plist;
				LD_RUNPATH_SEARCH_PATHS = (
					"$(inherited)",
					"@executable_path/Frameworks",
					"@loader_path/Frameworks",
				);
				PRODUCT_BUNDLE_IDENTIFIER = com.Tech.AdvancCleanMVCiOSUITests;
				PRODUCT_NAME = "$(TARGET_NAME)";
				SWIFT_VERSION = 5.0;
				TARGETED_DEVICE_FAMILY = "1,2";
				TEST_TARGET_NAME = AdvancCleanMVCiOS;
			};
			name = Release;
		};
/* End XCBuildConfiguration section */

/* Begin XCConfigurationList section */
		33D6EE00253D5D1D0029D452 /* Build configuration list for PBXProject "AdvancCleanMVCiOS" */ = {
			isa = XCConfigurationList;
			buildConfigurations = (
				33D6EE2D253D5D1E0029D452 /* Debug */,
				33D6EE2E253D5D1E0029D452 /* Release */,
			);
			defaultConfigurationIsVisible = 0;
			defaultConfigurationName = Release;
		};
		33D6EE2F253D5D1E0029D452 /* Build configuration list for PBXNativeTarget "AdvancCleanMVCiOS" */ = {
			isa = XCConfigurationList;
			buildConfigurations = (
				33D6EE30253D5D1E0029D452 /* Debug */,
				33D6EE31253D5D1E0029D452 /* Release */,
			);
			defaultConfigurationIsVisible = 0;
			defaultConfigurationName = Release;
		};
		33D6EE32253D5D1E0029D452 /* Build configuration list for PBXNativeTarget "AdvancCleanMVCiOSTests" */ = {
			isa = XCConfigurationList;
			buildConfigurations = (
				33D6EE33253D5D1E0029D452 /* Debug */,
				33D6EE34253D5D1E0029D452 /* Release */,
			);
			defaultConfigurationIsVisible = 0;
			defaultConfigurationName = Release;
		};
		33D6EE35253D5D1E0029D452 /* Build configuration list for PBXNativeTarget "AdvancCleanMVCiOSUITests" */ = {
			isa = XCConfigurationList;
			buildConfigurations = (
				33D6EE36253D5D1E0029D452 /* Debug */,
				33D6EE37253D5D1E0029D452 /* Release */,
			);
			defaultConfigurationIsVisible = 0;
			defaultConfigurationName = Release;
		};
/* End XCConfigurationList section */
	};
	rootObject = 33D6EDFD253D5D1D0029D452 /* Project object */;
}
